
Microsoft Visual Studio Solution File, Format Version 12.00
# Visual Studio Version 17
VisualStudioVersion = 17.8.34408.163
MinimumVisualStudioVersion = 10.0.40219.1
Project("{FAE04EC0-301F-11D3-BF4B-00C04F79EFBC}") = "Bai1", "BaiThucHanhBuoi3\Bai1.csproj", "{0676C5A8-C50C-457C-8D0D-A753F83CF950}"
EndProject
Project("{FAE04EC0-301F-11D3-BF4B-00C04F79EFBC}") = "Bai2", "Bai2\Bai2.csproj", "{AF23DAE5-2454-4A88-A3BB-C11769A06194}"
EndProject
Project("{FAE04EC0-301F-11D3-BF4B-00C04F79EFBC}") = "BTTK", "BTTK_Bai1\BTTK.csproj", "{C6738C93-5B0C-4366-91DB-3C31F4B25C13}"
EndProject
Global
	GlobalSection(SolutionConfigurationPlatforms) = preSolution
		Debug|Any CPU = Debug|Any CPU
		Release|Any CPU = Release|Any CPU
	EndGlobalSection
	GlobalSection(ProjectConfigurationPlatforms) = postSolution
		{0676C5A8-C50C-457C-8D0D-A753F83CF950}.Debug|Any CPU.ActiveCfg = Debug|Any CPU
		{0676C5A8-C50C-457C-8D0D-A753F83CF950}.Debug|Any CPU.Build.0 = Debug|Any CPU
		{0676C5A8-C50C-457C-8D0D-A753F83CF950}.Release|Any CPU.ActiveCfg = Release|Any CPU
		{0676C5A8-C50C-457C-8D0D-A753F83CF950}.Release|Any CPU.Build.0 = Release|Any CPU
		{AF23DAE5-2454-4A88-A3BB-C11769A06194}.Debug|Any CPU.ActiveCfg = Debug|Any CPU
		{AF23DAE5-2454-4A88-A3BB-C11769A06194}.Debug|Any CPU.Build.0 = Debug|Any CPU
		{AF23DAE5-2454-4A88-A3BB-C11769A06194}.Release|Any CPU.ActiveCfg = Release|Any CPU
		{AF23DAE5-2454-4A88-A3BB-C11769A06194}.Release|Any CPU.Build.0 = Release|Any CPU
		{C6738C93-5B0C-4366-91DB-3C31F4B25C13}.Debug|Any CPU.ActiveCfg = Debug|Any CPU
		{C6738C93-5B0C-4366-91DB-3C31F4B25C13}.Debug|Any CPU.Build.0 = Debug|Any CPU
		{C6738C93-5B0C-4366-91DB-3C31F4B25C13}.Release|Any CPU.ActiveCfg = Release|Any CPU
		{C6738C93-5B0C-4366-91DB-3C31F4B25C13}.Release|Any CPU.Build.0 = Release|Any CPU
	EndGlobalSection
	GlobalSection(SolutionProperties) = preSolution
		HideSolutionNode = FALSE
	EndGlobalSection
	GlobalSection(ExtensibilityGlobals) = postSolution
		SolutionGuid = {BC860E96-99CB-49FA-847A-2F5606AB561A}
	EndGlobalSection
EndGlobal
